// !$*UTF8*$!
{
	archiveVersion = 1;
	classes = {
	};
	objectVersion = 51;
	objects = {

/* Begin PBXBuildFile section */
		319311FC279CF48AF973369F /* Pods_Beatles_Table_ViewTests.framework in Frameworks */ = {isa = PBXBuildFile; fileRef = 2573492A3E42B7444DA68515 /* Pods_Beatles_Table_ViewTests.framework */; };
		59445BCADBF233EB9013BEC4 /* Pods_Beatles_Table_View_Beatles_Table_ViewUITests.framework in Frameworks */ = {isa = PBXBuildFile; fileRef = 759B7E334DF79253F42BDCF6 /* Pods_Beatles_Table_View_Beatles_Table_ViewUITests.framework */; };
		5ACB0B05EF5862635B583B41 /* Pods_Beatles_Table_View.framework in Frameworks */ = {isa = PBXBuildFile; fileRef = 8D996068B10849C4A5CC0987 /* Pods_Beatles_Table_View.framework */; };
		5E04B27723882AC100C9A50F /* SongViewController.swift in Sources */ = {isa = PBXBuildFile; fileRef = 5E04B27623882AC100C9A50F /* SongViewController.swift */; };
		5E04B279238837DD00C9A50F /* SongTableViewCell.swift in Sources */ = {isa = PBXBuildFile; fileRef = 5E04B278238837DD00C9A50F /* SongTableViewCell.swift */; };
		5E7D9499238749490024EDE9 /* AppDelegate.swift in Sources */ = {isa = PBXBuildFile; fileRef = 5E7D9498238749490024EDE9 /* AppDelegate.swift */; };
		5E7D949B238749490024EDE9 /* SceneDelegate.swift in Sources */ = {isa = PBXBuildFile; fileRef = 5E7D949A238749490024EDE9 /* SceneDelegate.swift */; };
		5E7D949D238749490024EDE9 /* ViewController.swift in Sources */ = {isa = PBXBuildFile; fileRef = 5E7D949C238749490024EDE9 /* ViewController.swift */; };
		5E7D94A0238749490024EDE9 /* Main.storyboard in Resources */ = {isa = PBXBuildFile; fileRef = 5E7D949E238749490024EDE9 /* Main.storyboard */; };
		5E7D94A22387494B0024EDE9 /* Assets.xcassets in Resources */ = {isa = PBXBuildFile; fileRef = 5E7D94A12387494B0024EDE9 /* Assets.xcassets */; };
		5E7D94A52387494B0024EDE9 /* LaunchScreen.storyboard in Resources */ = {isa = PBXBuildFile; fileRef = 5E7D94A32387494B0024EDE9 /* LaunchScreen.storyboard */; };
		5E7D94B02387494C0024EDE9 /* Beatles_Table_ViewTests.swift in Sources */ = {isa = PBXBuildFile; fileRef = 5E7D94AF2387494C0024EDE9 /* Beatles_Table_ViewTests.swift */; };
		5E7D94BB2387494C0024EDE9 /* Beatles_Table_ViewUITests.swift in Sources */ = {isa = PBXBuildFile; fileRef = 5E7D94BA2387494C0024EDE9 /* Beatles_Table_ViewUITests.swift */; };
		5E7D94C923874C5E0024EDE9 /* AlbumCell.swift in Sources */ = {isa = PBXBuildFile; fileRef = 5E7D94C823874C5E0024EDE9 /* AlbumCell.swift */; };
		5E7D94CB238750120024EDE9 /* beatles.json in Resources */ = {isa = PBXBuildFile; fileRef = 5E7D94CA238750120024EDE9 /* beatles.json */; };
		5E7D94CD238750B40024EDE9 /* AlbumData.swift in Sources */ = {isa = PBXBuildFile; fileRef = 5E7D94CC238750B40024EDE9 /* AlbumData.swift */; };
/* End PBXBuildFile section */

/* Begin PBXContainerItemProxy section */
		5E7D94AC2387494C0024EDE9 /* PBXContainerItemProxy */ = {
			isa = PBXContainerItemProxy;
			containerPortal = 5E7D948D238749490024EDE9 /* Project object */;
			proxyType = 1;
			remoteGlobalIDString = 5E7D9494238749490024EDE9;
			remoteInfo = "Beatles Table View";
		};
		5E7D94B72387494C0024EDE9 /* PBXContainerItemProxy */ = {
			isa = PBXContainerItemProxy;
			containerPortal = 5E7D948D238749490024EDE9 /* Project object */;
			proxyType = 1;
			remoteGlobalIDString = 5E7D9494238749490024EDE9;
			remoteInfo = "Beatles Table View";
		};
/* End PBXContainerItemProxy section */

/* Begin PBXFileReference section */
		0B4FE8955EF6E1E679222C83 /* Pods-Beatles Table View-Beatles Table ViewUITests.release.xcconfig */ = {isa = PBXFileReference; includeInIndex = 1; lastKnownFileType = text.xcconfig; name = "Pods-Beatles Table View-Beatles Table ViewUITests.release.xcconfig"; path = "Target Support Files/Pods-Beatles Table View-Beatles Table ViewUITests/Pods-Beatles Table View-Beatles Table ViewUITests.release.xcconfig"; sourceTree = "<group>"; };
		2573492A3E42B7444DA68515 /* Pods_Beatles_Table_ViewTests.framework */ = {isa = PBXFileReference; explicitFileType = wrapper.framework; includeInIndex = 0; path = Pods_Beatles_Table_ViewTests.framework; sourceTree = BUILT_PRODUCTS_DIR; };
		5E04B27623882AC100C9A50F /* SongViewController.swift */ = {isa = PBXFileReference; lastKnownFileType = sourcecode.swift; path = SongViewController.swift; sourceTree = "<group>"; };
		5E04B278238837DD00C9A50F /* SongTableViewCell.swift */ = {isa = PBXFileReference; lastKnownFileType = sourcecode.swift; path = SongTableViewCell.swift; sourceTree = "<group>"; };
		5E7D9495238749490024EDE9 /* Beatles Table View.app */ = {isa = PBXFileReference; explicitFileType = wrapper.application; includeInIndex = 0; path = "Beatles Table View.app"; sourceTree = BUILT_PRODUCTS_DIR; };
		5E7D9498238749490024EDE9 /* AppDelegate.swift */ = {isa = PBXFileReference; lastKnownFileType = sourcecode.swift; path = AppDelegate.swift; sourceTree = "<group>"; };
		5E7D949A238749490024EDE9 /* SceneDelegate.swift */ = {isa = PBXFileReference; lastKnownFileType = sourcecode.swift; path = SceneDelegate.swift; sourceTree = "<group>"; };
		5E7D949C238749490024EDE9 /* ViewController.swift */ = {isa = PBXFileReference; lastKnownFileType = sourcecode.swift; path = ViewController.swift; sourceTree = "<group>"; };
		5E7D949F238749490024EDE9 /* Base */ = {isa = PBXFileReference; lastKnownFileType = file.storyboard; name = Base; path = Base.lproj/Main.storyboard; sourceTree = "<group>"; };
		5E7D94A12387494B0024EDE9 /* Assets.xcassets */ = {isa = PBXFileReference; lastKnownFileType = folder.assetcatalog; path = Assets.xcassets; sourceTree = "<group>"; };
		5E7D94A42387494B0024EDE9 /* Base */ = {isa = PBXFileReference; lastKnownFileType = file.storyboard; name = Base; path = Base.lproj/LaunchScreen.storyboard; sourceTree = "<group>"; };
		5E7D94A62387494B0024EDE9 /* Info.plist */ = {isa = PBXFileReference; lastKnownFileType = text.plist.xml; path = Info.plist; sourceTree = "<group>"; };
		5E7D94AB2387494C0024EDE9 /* Beatles Table ViewTests.xctest */ = {isa = PBXFileReference; explicitFileType = wrapper.cfbundle; includeInIndex = 0; path = "Beatles Table ViewTests.xctest"; sourceTree = BUILT_PRODUCTS_DIR; };
		5E7D94AF2387494C0024EDE9 /* Beatles_Table_ViewTests.swift */ = {isa = PBXFileReference; lastKnownFileType = sourcecode.swift; path = Beatles_Table_ViewTests.swift; sourceTree = "<group>"; };
		5E7D94B12387494C0024EDE9 /* Info.plist */ = {isa = PBXFileReference; lastKnownFileType = text.plist.xml; path = Info.plist; sourceTree = "<group>"; };
		5E7D94B62387494C0024EDE9 /* Beatles Table ViewUITests.xctest */ = {isa = PBXFileReference; explicitFileType = wrapper.cfbundle; includeInIndex = 0; path = "Beatles Table ViewUITests.xctest"; sourceTree = BUILT_PRODUCTS_DIR; };
		5E7D94BA2387494C0024EDE9 /* Beatles_Table_ViewUITests.swift */ = {isa = PBXFileReference; lastKnownFileType = sourcecode.swift; path = Beatles_Table_ViewUITests.swift; sourceTree = "<group>"; };
		5E7D94BC2387494C0024EDE9 /* Info.plist */ = {isa = PBXFileReference; lastKnownFileType = text.plist.xml; path = Info.plist; sourceTree = "<group>"; };
		5E7D94C823874C5E0024EDE9 /* AlbumCell.swift */ = {isa = PBXFileReference; lastKnownFileType = sourcecode.swift; path = AlbumCell.swift; sourceTree = "<group>"; };
		5E7D94CA238750120024EDE9 /* beatles.json */ = {isa = PBXFileReference; fileEncoding = 4; lastKnownFileType = text.json; path = beatles.json; sourceTree = "<group>"; };
		5E7D94CC238750B40024EDE9 /* AlbumData.swift */ = {isa = PBXFileReference; lastKnownFileType = sourcecode.swift; path = AlbumData.swift; sourceTree = "<group>"; };
		6A9091A898BDEE834ACA0129 /* Pods-Beatles Table ViewTests.release.xcconfig */ = {isa = PBXFileReference; includeInIndex = 1; lastKnownFileType = text.xcconfig; name = "Pods-Beatles Table ViewTests.release.xcconfig"; path = "Target Support Files/Pods-Beatles Table ViewTests/Pods-Beatles Table ViewTests.release.xcconfig"; sourceTree = "<group>"; };
		759B7E334DF79253F42BDCF6 /* Pods_Beatles_Table_View_Beatles_Table_ViewUITests.framework */ = {isa = PBXFileReference; explicitFileType = wrapper.framework; includeInIndex = 0; path = Pods_Beatles_Table_View_Beatles_Table_ViewUITests.framework; sourceTree = BUILT_PRODUCTS_DIR; };
		7FF164B2C6957EBB62EA863D /* Pods-Beatles Table View-Beatles Table ViewUITests.debug.xcconfig */ = {isa = PBXFileReference; includeInIndex = 1; lastKnownFileType = text.xcconfig; name = "Pods-Beatles Table View-Beatles Table ViewUITests.debug.xcconfig"; path = "Target Support Files/Pods-Beatles Table View-Beatles Table ViewUITests/Pods-Beatles Table View-Beatles Table ViewUITests.debug.xcconfig"; sourceTree = "<group>"; };
		8D996068B10849C4A5CC0987 /* Pods_Beatles_Table_View.framework */ = {isa = PBXFileReference; explicitFileType = wrapper.framework; includeInIndex = 0; path = Pods_Beatles_Table_View.framework; sourceTree = BUILT_PRODUCTS_DIR; };
		9CA894B2089B8F601BA39D40 /* Pods-Beatles Table View.release.xcconfig */ = {isa = PBXFileReference; includeInIndex = 1; lastKnownFileType = text.xcconfig; name = "Pods-Beatles Table View.release.xcconfig"; path = "Target Support Files/Pods-Beatles Table View/Pods-Beatles Table View.release.xcconfig"; sourceTree = "<group>"; };
		9FC93501278EEA0D2757630D /* Pods-Beatles Table View.debug.xcconfig */ = {isa = PBXFileReference; includeInIndex = 1; lastKnownFileType = text.xcconfig; name = "Pods-Beatles Table View.debug.xcconfig"; path = "Target Support Files/Pods-Beatles Table View/Pods-Beatles Table View.debug.xcconfig"; sourceTree = "<group>"; };
		ED5A6A0FA4F1854097869B94 /* Pods-Beatles Table ViewTests.debug.xcconfig */ = {isa = PBXFileReference; includeInIndex = 1; lastKnownFileType = text.xcconfig; name = "Pods-Beatles Table ViewTests.debug.xcconfig"; path = "Target Support Files/Pods-Beatles Table ViewTests/Pods-Beatles Table ViewTests.debug.xcconfig"; sourceTree = "<group>"; };
/* End PBXFileReference section */

/* Begin PBXFrameworksBuildPhase section */
		5E7D9492238749490024EDE9 /* Frameworks */ = {
			isa = PBXFrameworksBuildPhase;
			buildActionMask = 2147483647;
			files = (
				5ACB0B05EF5862635B583B41 /* Pods_Beatles_Table_View.framework in Frameworks */,
			);
			runOnlyForDeploymentPostprocessing = 0;
		};
		5E7D94A82387494C0024EDE9 /* Frameworks */ = {
			isa = PBXFrameworksBuildPhase;
			buildActionMask = 2147483647;
			files = (
				319311FC279CF48AF973369F /* Pods_Beatles_Table_ViewTests.framework in Frameworks */,
			);
			runOnlyForDeploymentPostprocessing = 0;
		};
		5E7D94B32387494C0024EDE9 /* Frameworks */ = {
			isa = PBXFrameworksBuildPhase;
			buildActionMask = 2147483647;
			files = (
				59445BCADBF233EB9013BEC4 /* Pods_Beatles_Table_View_Beatles_Table_ViewUITests.framework in Frameworks */,
			);
			runOnlyForDeploymentPostprocessing = 0;
		};
/* End PBXFrameworksBuildPhase section */

/* Begin PBXGroup section */
		16046C5F185D1494074F87E8 /* Frameworks */ = {
			isa = PBXGroup;
			children = (
				8D996068B10849C4A5CC0987 /* Pods_Beatles_Table_View.framework */,
				759B7E334DF79253F42BDCF6 /* Pods_Beatles_Table_View_Beatles_Table_ViewUITests.framework */,
				2573492A3E42B7444DA68515 /* Pods_Beatles_Table_ViewTests.framework */,
			);
			name = Frameworks;
			sourceTree = "<group>";
		};
		5E7D948C238749490024EDE9 = {
			isa = PBXGroup;
			children = (
				5E7D9497238749490024EDE9 /* Beatles Table View */,
				5E7D94AE2387494C0024EDE9 /* Beatles Table ViewTests */,
				5E7D94B92387494C0024EDE9 /* Beatles Table ViewUITests */,
				5E7D9496238749490024EDE9 /* Products */,
				D6370207A6ADE7022C76CE04 /* Pods */,
				16046C5F185D1494074F87E8 /* Frameworks */,
			);
			sourceTree = "<group>";
		};
		5E7D9496238749490024EDE9 /* Products */ = {
			isa = PBXGroup;
			children = (
				5E7D9495238749490024EDE9 /* Beatles Table View.app */,
				5E7D94AB2387494C0024EDE9 /* Beatles Table ViewTests.xctest */,
				5E7D94B62387494C0024EDE9 /* Beatles Table ViewUITests.xctest */,
			);
			name = Products;
			sourceTree = "<group>";
		};
		5E7D9497238749490024EDE9 /* Beatles Table View */ = {
			isa = PBXGroup;
			children = (
				5E7D9498238749490024EDE9 /* AppDelegate.swift */,
				5E7D949A238749490024EDE9 /* SceneDelegate.swift */,
				5E7D949C238749490024EDE9 /* ViewController.swift */,
				5E7D94C823874C5E0024EDE9 /* AlbumCell.swift */,
				5E7D94CC238750B40024EDE9 /* AlbumData.swift */,
				5E04B27623882AC100C9A50F /* SongViewController.swift */,
				5E04B278238837DD00C9A50F /* SongTableViewCell.swift */,
				5E7D94A12387494B0024EDE9 /* Assets.xcassets */,
				5E7D94A32387494B0024EDE9 /* LaunchScreen.storyboard */,
				5E7D949E238749490024EDE9 /* Main.storyboard */,
				5E7D94A62387494B0024EDE9 /* Info.plist */,
				5E7D94CA238750120024EDE9 /* beatles.json */,
			);
			path = "Beatles Table View";
			sourceTree = "<group>";
		};
		5E7D94AE2387494C0024EDE9 /* Beatles Table ViewTests */ = {
			isa = PBXGroup;
			children = (
				5E7D94AF2387494C0024EDE9 /* Beatles_Table_ViewTests.swift */,
				5E7D94B12387494C0024EDE9 /* Info.plist */,
			);
			path = "Beatles Table ViewTests";
			sourceTree = "<group>";
		};
		5E7D94B92387494C0024EDE9 /* Beatles Table ViewUITests */ = {
			isa = PBXGroup;
			children = (
				5E7D94BA2387494C0024EDE9 /* Beatles_Table_ViewUITests.swift */,
				5E7D94BC2387494C0024EDE9 /* Info.plist */,
			);
			path = "Beatles Table ViewUITests";
			sourceTree = "<group>";
		};
		D6370207A6ADE7022C76CE04 /* Pods */ = {
			isa = PBXGroup;
			children = (
				9FC93501278EEA0D2757630D /* Pods-Beatles Table View.debug.xcconfig */,
				9CA894B2089B8F601BA39D40 /* Pods-Beatles Table View.release.xcconfig */,
				7FF164B2C6957EBB62EA863D /* Pods-Beatles Table View-Beatles Table ViewUITests.debug.xcconfig */,
				0B4FE8955EF6E1E679222C83 /* Pods-Beatles Table View-Beatles Table ViewUITests.release.xcconfig */,
				ED5A6A0FA4F1854097869B94 /* Pods-Beatles Table ViewTests.debug.xcconfig */,
				6A9091A898BDEE834ACA0129 /* Pods-Beatles Table ViewTests.release.xcconfig */,
			);
			path = Pods;
			sourceTree = "<group>";
		};
/* End PBXGroup section */

/* Begin PBXNativeTarget section */
		5E7D9494238749490024EDE9 /* Beatles Table View */ = {
			isa = PBXNativeTarget;
			buildConfigurationList = 5E7D94BF2387494C0024EDE9 /* Build configuration list for PBXNativeTarget "Beatles Table View" */;
			buildPhases = (
				E495142ECE786BE94645369E /* [CP] Check Pods Manifest.lock */,
				5E7D9491238749490024EDE9 /* Sources */,
				5E7D9492238749490024EDE9 /* Frameworks */,
				5E7D9493238749490024EDE9 /* Resources */,
				25B5AE53403457E81D8EE913 /* [CP] Embed Pods Frameworks */,
			);
			buildRules = (
			);
			dependencies = (
			);
			name = "Beatles Table View";
			productName = "Beatles Table View";
			productReference = 5E7D9495238749490024EDE9 /* Beatles Table View.app */;
			productType = "com.apple.product-type.application";
		};
		5E7D94AA2387494C0024EDE9 /* Beatles Table ViewTests */ = {
			isa = PBXNativeTarget;
			buildConfigurationList = 5E7D94C22387494C0024EDE9 /* Build configuration list for PBXNativeTarget "Beatles Table ViewTests" */;
			buildPhases = (
				DB62C5D3AFB4FF09368AA132 /* [CP] Check Pods Manifest.lock */,
				5E7D94A72387494C0024EDE9 /* Sources */,
				5E7D94A82387494C0024EDE9 /* Frameworks */,
				5E7D94A92387494C0024EDE9 /* Resources */,
			);
			buildRules = (
			);
			dependencies = (
				5E7D94AD2387494C0024EDE9 /* PBXTargetDependency */,
			);
			name = "Beatles Table ViewTests";
			productName = "Beatles Table ViewTests";
			productReference = 5E7D94AB2387494C0024EDE9 /* Beatles Table ViewTests.xctest */;
			productType = "com.apple.product-type.bundle.unit-test";
		};
		5E7D94B52387494C0024EDE9 /* Beatles Table ViewUITests */ = {
			isa = PBXNativeTarget;
			buildConfigurationList = 5E7D94C52387494C0024EDE9 /* Build configuration list for PBXNativeTarget "Beatles Table ViewUITests" */;
			buildPhases = (
				558A8A5B0CAF25CC793CBAF9 /* [CP] Check Pods Manifest.lock */,
				5E7D94B22387494C0024EDE9 /* Sources */,
				5E7D94B32387494C0024EDE9 /* Frameworks */,
				5E7D94B42387494C0024EDE9 /* Resources */,
				3F90A31FD2265666C0A5256F /* [CP] Embed Pods Frameworks */,
			);
			buildRules = (
			);
			dependencies = (
				5E7D94B82387494C0024EDE9 /* PBXTargetDependency */,
			);
			name = "Beatles Table ViewUITests";
			productName = "Beatles Table ViewUITests";
			productReference = 5E7D94B62387494C0024EDE9 /* Beatles Table ViewUITests.xctest */;
			productType = "com.apple.product-type.bundle.ui-testing";
		};
/* End PBXNativeTarget section */

/* Begin PBXProject section */
		5E7D948D238749490024EDE9 /* Project object */ = {
			isa = PBXProject;
			attributes = {
				LastSwiftUpdateCheck = 1120;
				LastUpgradeCheck = 1120;
				ORGANIZATIONNAME = dirtbag;
				TargetAttributes = {
					5E7D9494238749490024EDE9 = {
						CreatedOnToolsVersion = 11.2.1;
					};
					5E7D94AA2387494C0024EDE9 = {
						CreatedOnToolsVersion = 11.2.1;
						TestTargetID = 5E7D9494238749490024EDE9;
					};
					5E7D94B52387494C0024EDE9 = {
						CreatedOnToolsVersion = 11.2.1;
						TestTargetID = 5E7D9494238749490024EDE9;
					};
				};
			};
			buildConfigurationList = 5E7D9490238749490024EDE9 /* Build configuration list for PBXProject "Beatles Table View" */;
			compatibilityVersion = "Xcode 9.3";
			developmentRegion = en;
			hasScannedForEncodings = 0;
			knownRegions = (
				en,
				Base,
			);
			mainGroup = 5E7D948C238749490024EDE9;
			productRefGroup = 5E7D9496238749490024EDE9 /* Products */;
			projectDirPath = "";
			projectRoot = "";
			targets = (
				5E7D9494238749490024EDE9 /* Beatles Table View */,
				5E7D94AA2387494C0024EDE9 /* Beatles Table ViewTests */,
				5E7D94B52387494C0024EDE9 /* Beatles Table ViewUITests */,
			);
		};
/* End PBXProject section */

/* Begin PBXResourcesBuildPhase section */
		5E7D9493238749490024EDE9 /* Resources */ = {
			isa = PBXResourcesBuildPhase;
			buildActionMask = 2147483647;
			files = (
				5E7D94CB238750120024EDE9 /* beatles.json in Resources */,
				5E7D94A52387494B0024EDE9 /* LaunchScreen.storyboard in Resources */,
				5E7D94A22387494B0024EDE9 /* Assets.xcassets in Resources */,
				5E7D94A0238749490024EDE9 /* Main.storyboard in Resources */,
			);
			runOnlyForDeploymentPostprocessing = 0;
		};
		5E7D94A92387494C0024EDE9 /* Resources */ = {
			isa = PBXResourcesBuildPhase;
			buildActionMask = 2147483647;
			files = (
			);
			runOnlyForDeploymentPostprocessing = 0;
		};
		5E7D94B42387494C0024EDE9 /* Resources */ = {
			isa = PBXResourcesBuildPhase;
			buildActionMask = 2147483647;
			files = (
			);
			runOnlyForDeploymentPostprocessing = 0;
		};
/* End PBXResourcesBuildPhase section */

/* Begin PBXShellScriptBuildPhase section */
		25B5AE53403457E81D8EE913 /* [CP] Embed Pods Frameworks */ = {
			isa = PBXShellScriptBuildPhase;
			buildActionMask = 2147483647;
			files = (
			);
			inputFileListPaths = (
				"${PODS_ROOT}/Target Support Files/Pods-Beatles Table View/Pods-Beatles Table View-frameworks-${CONFIGURATION}-input-files.xcfilelist",
			);
			name = "[CP] Embed Pods Frameworks";
			outputFileListPaths = (
				"${PODS_ROOT}/Target Support Files/Pods-Beatles Table View/Pods-Beatles Table View-frameworks-${CONFIGURATION}-output-files.xcfilelist",
			);
			runOnlyForDeploymentPostprocessing = 0;
			shellPath = /bin/sh;
			shellScript = "\"${PODS_ROOT}/Target Support Files/Pods-Beatles Table View/Pods-Beatles Table View-frameworks.sh\"\n";
			showEnvVarsInLog = 0;
		};
		3F90A31FD2265666C0A5256F /* [CP] Embed Pods Frameworks */ = {
			isa = PBXShellScriptBuildPhase;
			buildActionMask = 2147483647;
			files = (
			);
			inputFileListPaths = (
				"${PODS_ROOT}/Target Support Files/Pods-Beatles Table View-Beatles Table ViewUITests/Pods-Beatles Table View-Beatles Table ViewUITests-frameworks-${CONFIGURATION}-input-files.xcfilelist",
			);
			name = "[CP] Embed Pods Frameworks";
			outputFileListPaths = (
				"${PODS_ROOT}/Target Support Files/Pods-Beatles Table View-Beatles Table ViewUITests/Pods-Beatles Table View-Beatles Table ViewUITests-frameworks-${CONFIGURATION}-output-files.xcfilelist",
			);
			runOnlyForDeploymentPostprocessing = 0;
			shellPath = /bin/sh;
			shellScript = "\"${PODS_ROOT}/Target Support Files/Pods-Beatles Table View-Beatles Table ViewUITests/Pods-Beatles Table View-Beatles Table ViewUITests-frameworks.sh\"\n";
			showEnvVarsInLog = 0;
		};
		558A8A5B0CAF25CC793CBAF9 /* [CP] Check Pods Manifest.lock */ = {
			isa = PBXShellScriptBuildPhase;
			buildActionMask = 2147483647;
			files = (
			);
			inputFileListPaths = (
			);
			inputPaths = (
				"${PODS_PODFILE_DIR_PATH}/Podfile.lock",
				"${PODS_ROOT}/Manifest.lock",
			);
			name = "[CP] Check Pods Manifest.lock";
			outputFileListPaths = (
			);
			outputPaths = (
				"$(DERIVED_FILE_DIR)/Pods-Beatles Table View-Beatles Table ViewUITests-checkManifestLockResult.txt",
			);
			runOnlyForDeploymentPostprocessing = 0;
			shellPath = /bin/sh;
			shellScript = "diff \"${PODS_PODFILE_DIR_PATH}/Podfile.lock\" \"${PODS_ROOT}/Manifest.lock\" > /dev/null\nif [ $? != 0 ] ; then\n    # print error to STDERR\n    echo \"error: The sandbox is not in sync with the Podfile.lock. Run 'pod install' or update your CocoaPods installation.\" >&2\n    exit 1\nfi\n# This output is used by Xcode 'outputs' to avoid re-running this script phase.\necho \"SUCCESS\" > \"${SCRIPT_OUTPUT_FILE_0}\"\n";
			showEnvVarsInLog = 0;
		};
		DB62C5D3AFB4FF09368AA132 /* [CP] Check Pods Manifest.lock */ = {
			isa = PBXShellScriptBuildPhase;
			buildActionMask = 2147483647;
			files = (
			);
			inputFileListPaths = (
			);
			inputPaths = (
				"${PODS_PODFILE_DIR_PATH}/Podfile.lock",
				"${PODS_ROOT}/Manifest.lock",
			);
			name = "[CP] Check Pods Manifest.lock";
			outputFileListPaths = (
			);
			outputPaths = (
				"$(DERIVED_FILE_DIR)/Pods-Beatles Table ViewTests-checkManifestLockResult.txt",
			);
			runOnlyForDeploymentPostprocessing = 0;
			shellPath = /bin/sh;
			shellScript = "diff \"${PODS_PODFILE_DIR_PATH}/Podfile.lock\" \"${PODS_ROOT}/Manifest.lock\" > /dev/null\nif [ $? != 0 ] ; then\n    # print error to STDERR\n    echo \"error: The sandbox is not in sync with the Podfile.lock. Run 'pod install' or update your CocoaPods installation.\" >&2\n    exit 1\nfi\n# This output is used by Xcode 'outputs' to avoid re-running this script phase.\necho \"SUCCESS\" > \"${SCRIPT_OUTPUT_FILE_0}\"\n";
			showEnvVarsInLog = 0;
		};
		E495142ECE786BE94645369E /* [CP] Check Pods Manifest.lock */ = {
			isa = PBXShellScriptBuildPhase;
			buildActionMask = 2147483647;
			files = (
			);
			inputFileListPaths = (
			);
			inputPaths = (
				"${PODS_PODFILE_DIR_PATH}/Podfile.lock",
				"${PODS_ROOT}/Manifest.lock",
			);
			name = "[CP] Check Pods Manifest.lock";
			outputFileListPaths = (
			);
			outputPaths = (
				"$(DERIVED_FILE_DIR)/Pods-Beatles Table View-checkManifestLockResult.txt",
			);
			runOnlyForDeploymentPostprocessing = 0;
			shellPath = /bin/sh;
			shellScript = "diff \"${PODS_PODFILE_DIR_PATH}/Podfile.lock\" \"${PODS_ROOT}/Manifest.lock\" > /dev/null\nif [ $? != 0 ] ; then\n    # print error to STDERR\n    echo \"error: The sandbox is not in sync with the Podfile.lock. Run 'pod install' or update your CocoaPods installation.\" >&2\n    exit 1\nfi\n# This output is used by Xcode 'outputs' to avoid re-running this script phase.\necho \"SUCCESS\" > \"${SCRIPT_OUTPUT_FILE_0}\"\n";
			showEnvVarsInLog = 0;
		};
/* End PBXShellScriptBuildPhase section */

/* Begin PBXSourcesBuildPhase section */
		5E7D9491238749490024EDE9 /* Sources */ = {
			isa = PBXSourcesBuildPhase;
			buildActionMask = 2147483647;
			files = (
				5E7D949D238749490024EDE9 /* ViewController.swift in Sources */,
				5E7D94CD238750B40024EDE9 /* AlbumData.swift in Sources */,
				5E7D9499238749490024EDE9 /* AppDelegate.swift in Sources */,
				5E04B279238837DD00C9A50F /* SongTableViewCell.swift in Sources */,
				5E04B27723882AC100C9A50F /* SongViewController.swift in Sources */,
				5E7D949B238749490024EDE9 /* SceneDelegate.swift in Sources */,
				5E7D94C923874C5E0024EDE9 /* AlbumCell.swift in Sources */,
			);
			runOnlyForDeploymentPostprocessing = 0;
		};
		5E7D94A72387494C0024EDE9 /* Sources */ = {
			isa = PBXSourcesBuildPhase;
			buildActionMask = 2147483647;
			files = (
				5E7D94B02387494C0024EDE9 /* Beatles_Table_ViewTests.swift in Sources */,
			);
			runOnlyForDeploymentPostprocessing = 0;
		};
		5E7D94B22387494C0024EDE9 /* Sources */ = {
			isa = PBXSourcesBuildPhase;
			buildActionMask = 2147483647;
			files = (
				5E7D94BB2387494C0024EDE9 /* Beatles_Table_ViewUITests.swift in Sources */,
			);
			runOnlyForDeploymentPostprocessing = 0;
		};
/* End PBXSourcesBuildPhase section */

/* Begin PBXTargetDependency section */
		5E7D94AD2387494C0024EDE9 /* PBXTargetDependency */ = {
			isa = PBXTargetDependency;
			target = 5E7D9494238749490024EDE9 /* Beatles Table View */;
			targetProxy = 5E7D94AC2387494C0024EDE9 /* PBXContainerItemProxy */;
		};
		5E7D94B82387494C0024EDE9 /* PBXTargetDependency */ = {
			isa = PBXTargetDependency;
			target = 5E7D9494238749490024EDE9 /* Beatles Table View */;
			targetProxy = 5E7D94B72387494C0024EDE9 /* PBXContainerItemProxy */;
		};
/* End PBXTargetDependency section */

/* Begin PBXVariantGroup section */
		5E7D949E238749490024EDE9 /* Main.storyboard */ = {
			isa = PBXVariantGroup;
			children = (
				5E7D949F238749490024EDE9 /* Base */,
			);
			name = Main.storyboard;
			sourceTree = "<group>";
		};
		5E7D94A32387494B0024EDE9 /* LaunchScreen.storyboard */ = {
			isa = PBXVariantGroup;
			children = (
				5E7D94A42387494B0024EDE9 /* Base */,
			);
			name = LaunchScreen.storyboard;
			sourceTree = "<group>";
		};
/* End PBXVariantGroup section */

/* Begin XCBuildConfiguration section */
		5E7D94BD2387494C0024EDE9 /* Debug */ = {
			isa = XCBuildConfiguration;
			buildSettings = {
				ALWAYS_SEARCH_USER_PATHS = NO;
				CLANG_ANALYZER_NONNULL = YES;
				CLANG_ANALYZER_NUMBER_OBJECT_CONVERSION = YES_AGGRESSIVE;
				CLANG_CXX_LANGUAGE_STANDARD = "gnu++14";
				CLANG_CXX_LIBRARY = "libc++";
				CLANG_ENABLE_MODULES = YES;
				CLANG_ENABLE_OBJC_ARC = YES;
				CLANG_ENABLE_OBJC_WEAK = YES;
				CLANG_WARN_BLOCK_CAPTURE_AUTORELEASING = YES;
				CLANG_WARN_BOOL_CONVERSION = YES;
				CLANG_WARN_COMMA = YES;
				CLANG_WARN_CONSTANT_CONVERSION = YES;
				CLANG_WARN_DEPRECATED_OBJC_IMPLEMENTATIONS = YES;
				CLANG_WARN_DIRECT_OBJC_ISA_USAGE = YES_ERROR;
				CLANG_WARN_DOCUMENTATION_COMMENTS = YES;
				CLANG_WARN_EMPTY_BODY = YES;
				CLANG_WARN_ENUM_CONVERSION = YES;
				CLANG_WARN_INFINITE_RECURSION = YES;
				CLANG_WARN_INT_CONVERSION = YES;
				CLANG_WARN_NON_LITERAL_NULL_CONVERSION = YES;
				CLANG_WARN_OBJC_IMPLICIT_RETAIN_SELF = YES;
				CLANG_WARN_OBJC_LITERAL_CONVERSION = YES;
				CLANG_WARN_OBJC_ROOT_CLASS = YES_ERROR;
				CLANG_WARN_RANGE_LOOP_ANALYSIS = YES;
				CLANG_WARN_STRICT_PROTOTYPES = YES;
				CLANG_WARN_SUSPICIOUS_MOVE = YES;
				CLANG_WARN_UNGUARDED_AVAILABILITY = YES_AGGRESSIVE;
				CLANG_WARN_UNREACHABLE_CODE = YES;
				CLANG_WARN__DUPLICATE_METHOD_MATCH = YES;
				COPY_PHASE_STRIP = NO;
				DEBUG_INFORMATION_FORMAT = dwarf;
				ENABLE_STRICT_OBJC_MSGSEND = YES;
				ENABLE_TESTABILITY = YES;
				GCC_C_LANGUAGE_STANDARD = gnu11;
				GCC_DYNAMIC_NO_PIC = NO;
				GCC_NO_COMMON_BLOCKS = YES;
				GCC_OPTIMIZATION_LEVEL = 0;
				GCC_PREPROCESSOR_DEFINITIONS = (
					"DEBUG=1",
					"$(inherited)",
				);
				GCC_WARN_64_TO_32_BIT_CONVERSION = YES;
				GCC_WARN_ABOUT_RETURN_TYPE = YES_ERROR;
				GCC_WARN_UNDECLARED_SELECTOR = YES;
				GCC_WARN_UNINITIALIZED_AUTOS = YES_AGGRESSIVE;
				GCC_WARN_UNUSED_FUNCTION = YES;
				GCC_WARN_UNUSED_VARIABLE = YES;
				IPHONEOS_DEPLOYMENT_TARGET = 13.2;
				MTL_ENABLE_DEBUG_INFO = INCLUDE_SOURCE;
				MTL_FAST_MATH = YES;
				ONLY_ACTIVE_ARCH = YES;
				SDKROOT = iphoneos;
				SWIFT_ACTIVE_COMPILATION_CONDITIONS = DEBUG;
				SWIFT_OPTIMIZATION_LEVEL = "-Onone";
			};
			name = Debug;
		};
		5E7D94BE2387494C0024EDE9 /* Release */ = {
			isa = XCBuildConfiguration;
			buildSettings = {
				ALWAYS_SEARCH_USER_PATHS = NO;
				CLANG_ANALYZER_NONNULL = YES;
				CLANG_ANALYZER_NUMBER_OBJECT_CONVERSION = YES_AGGRESSIVE;
				CLANG_CXX_LANGUAGE_STANDARD = "gnu++14";
				CLANG_CXX_LIBRARY = "libc++";
				CLANG_ENABLE_MODULES = YES;
				CLANG_ENABLE_OBJC_ARC = YES;
				CLANG_ENABLE_OBJC_WEAK = YES;
				CLANG_WARN_BLOCK_CAPTURE_AUTORELEASING = YES;
				CLANG_WARN_BOOL_CONVERSION = YES;
				CLANG_WARN_COMMA = YES;
				CLANG_WARN_CONSTANT_CONVERSION = YES;
				CLANG_WARN_DEPRECATED_OBJC_IMPLEMENTATIONS = YES;
				CLANG_WARN_DIRECT_OBJC_ISA_USAGE = YES_ERROR;
				CLANG_WARN_DOCUMENTATION_COMMENTS = YES;
				CLANG_WARN_EMPTY_BODY = YES;
				CLANG_WARN_ENUM_CONVERSION = YES;
				CLANG_WARN_INFINITE_RECURSION = YES;
				CLANG_WARN_INT_CONVERSION = YES;
				CLANG_WARN_NON_LITERAL_NULL_CONVERSION = YES;
				CLANG_WARN_OBJC_IMPLICIT_RETAIN_SELF = YES;
				CLANG_WARN_OBJC_LITERAL_CONVERSION = YES;
				CLANG_WARN_OBJC_ROOT_CLASS = YES_ERROR;
				CLANG_WARN_RANGE_LOOP_ANALYSIS = YES;
				CLANG_WARN_STRICT_PROTOTYPES = YES;
				CLANG_WARN_SUSPICIOUS_MOVE = YES;
				CLANG_WARN_UNGUARDED_AVAILABILITY = YES_AGGRESSIVE;
				CLANG_WARN_UNREACHABLE_CODE = YES;
				CLANG_WARN__DUPLICATE_METHOD_MATCH = YES;
				COPY_PHASE_STRIP = NO;
				DEBUG_INFORMATION_FORMAT = "dwarf-with-dsym";
				ENABLE_NS_ASSERTIONS = NO;
				ENABLE_STRICT_OBJC_MSGSEND = YES;
				GCC_C_LANGUAGE_STANDARD = gnu11;
				GCC_NO_COMMON_BLOCKS = YES;
				GCC_WARN_64_TO_32_BIT_CONVERSION = YES;
				GCC_WARN_ABOUT_RETURN_TYPE = YES_ERROR;
				GCC_WARN_UNDECLARED_SELECTOR = YES;
				GCC_WARN_UNINITIALIZED_AUTOS = YES_AGGRESSIVE;
				GCC_WARN_UNUSED_FUNCTION = YES;
				GCC_WARN_UNUSED_VARIABLE = YES;
				IPHONEOS_DEPLOYMENT_TARGET = 13.2;
				MTL_ENABLE_DEBUG_INFO = NO;
				MTL_FAST_MATH = YES;
				SDKROOT = iphoneos;
				SWIFT_COMPILATION_MODE = wholemodule;
				SWIFT_OPTIMIZATION_LEVEL = "-O";
				VALIDATE_PRODUCT = YES;
			};
			name = Release;
		};
		5E7D94C02387494C0024EDE9 /* Debug */ = {
			isa = XCBuildConfiguration;
			baseConfigurationReference = 9FC93501278EEA0D2757630D /* Pods-Beatles Table View.debug.xcconfig */;
			buildSettings = {
				ASSETCATALOG_COMPILER_APPICON_NAME = AppIcon;
				CODE_SIGN_STYLE = Automatic;
				INFOPLIST_FILE = "Beatles Table View/Info.plist";
				LD_RUNPATH_SEARCH_PATHS = (
					"$(inherited)",
					"@executable_path/Frameworks",
				);
				PRODUCT_BUNDLE_IDENTIFIER = "com.mcgoldricksolutions.Beatles-Table-View";
				PRODUCT_NAME = "$(TARGET_NAME)";
				SWIFT_VERSION = 5.0;
				TARGETED_DEVICE_FAMILY = "1,2";
			};
			name = Debug;
		};
		5E7D94C12387494C0024EDE9 /* Release */ = {
			isa = XCBuildConfiguration;
			baseConfigurationReference = 9CA894B2089B8F601BA39D40 /* Pods-Beatles Table View.release.xcconfig */;
			buildSettings = {
				ASSETCATALOG_COMPILER_APPICON_NAME = AppIcon;
				CODE_SIGN_STYLE = Automatic;
				INFOPLIST_FILE = "Beatles Table View/Info.plist";
				LD_RUNPATH_SEARCH_PATHS = (
					"$(inherited)",
					"@executable_path/Frameworks",
				);
				PRODUCT_BUNDLE_IDENTIFIER = "com.mcgoldricksolutions.Beatles-Table-View";
				PRODUCT_NAME = "$(TARGET_NAME)";
				SWIFT_VERSION = 5.0;
				TARGETED_DEVICE_FAMILY = "1,2";
			};
			name = Release;
		};
		5E7D94C32387494C0024EDE9 /* Debug */ = {
			isa = XCBuildConfiguration;
			baseConfigurationReference = ED5A6A0FA4F1854097869B94 /* Pods-Beatles Table ViewTests.debug.xcconfig */;
			buildSettings = {
				ALWAYS_EMBED_SWIFT_STANDARD_LIBRARIES = YES;
				BUNDLE_LOADER = "$(TEST_HOST)";
				CODE_SIGN_STYLE = Automatic;
				INFOPLIST_FILE = "Beatles Table ViewTests/Info.plist";
				IPHONEOS_DEPLOYMENT_TARGET = 13.2;
				LD_RUNPATH_SEARCH_PATHS = (
					"$(inherited)",
					"@executable_path/Frameworks",
					"@loader_path/Frameworks",
				);
				PRODUCT_BUNDLE_IDENTIFIER = "com.mcgoldricksolutions.Beatles-Table-ViewTests";
				PRODUCT_NAME = "$(TARGET_NAME)";
				SWIFT_VERSION = 5.0;
				TARGETED_DEVICE_FAMILY = "1,2";
				TEST_HOST = "$(BUILT_PRODUCTS_DIR)/Beatles Table View.app/Beatles Table View";
			};
			name = Debug;
		};
		5E7D94C42387494C0024EDE9 /* Release */ = {
			isa = XCBuildConfiguration;
			baseConfigurationReference = 6A9091A898BDEE834ACA0129 /* Pods-Beatles Table ViewTests.release.xcconfig */;
			buildSettings = {
				ALWAYS_EMBED_SWIFT_STANDARD_LIBRARIES = YES;
				BUNDLE_LOADER = "$(TEST_HOST)";
				CODE_SIGN_STYLE = Automatic;
				INFOPLIST_FILE = "Beatles Table ViewTests/Info.plist";
				IPHONEOS_DEPLOYMENT_TARGET = 13.2;
				LD_RUNPATH_SEARCH_PATHS = (
					"$(inherited)",
					"@executable_path/Frameworks",
					"@loader_path/Frameworks",
				);
				PRODUCT_BUNDLE_IDENTIFIER = "com.mcgoldricksolutions.Beatles-Table-ViewTests";
				PRODUCT_NAME = "$(TARGET_NAME)";
				SWIFT_VERSION = 5.0;
				TARGETED_DEVICE_FAMILY = "1,2";
				TEST_HOST = "$(BUILT_PRODUCTS_DIR)/Beatles Table View.app/Beatles Table View";
			};
			name = Release;
		};
		5E7D94C62387494C0024EDE9 /* Debug */ = {
			isa = XCBuildConfiguration;
			baseConfigurationReference = 7FF164B2C6957EBB62EA863D /* Pods-Beatles Table View-Beatles Table ViewUITests.debug.xcconfig */;
			buildSettings = {
				ALWAYS_EMBED_SWIFT_STANDARD_LIBRARIES = YES;
				CODE_SIGN_STYLE = Automatic;
				INFOPLIST_FILE = "Beatles Table ViewUITests/Info.plist";
				LD_RUNPATH_SEARCH_PATHS = (
					"$(inherited)",
					"@executable_path/Frameworks",
					"@loader_path/Frameworks",
				);
				PRODUCT_BUNDLE_IDENTIFIER = "com.mcgoldricksolutions.Beatles-Table-ViewUITests";
				PRODUCT_NAME = "$(TARGET_NAME)";
				SWIFT_VERSION = 5.0;
				TARGETED_DEVICE_FAMILY = "1,2";
				TEST_TARGET_NAME = "Beatles Table View";
			};
			name = Debug;
		};
		5E7D94C72387494C0024EDE9 /* Release */ = {
			isa = XCBuildConfiguration;
			baseConfigurationReference = 0B4FE8955EF6E1E679222C83 /* Pods-Beatles Table View-Beatles Table ViewUITests.release.xcconfig */;
			buildSettings = {
				ALWAYS_EMBED_SWIFT_STANDARD_LIBRARIES = YES;
				CODE_SIGN_STYLE = Automatic;
				INFOPLIST_FILE = "Beatles Table ViewUITests/Info.plist";
				LD_RUNPATH_SEARCH_PATHS = (
					"$(inherited)",
					"@executable_path/Frameworks",
					"@loader_path/Frameworks",
				);
				PRODUCT_BUNDLE_IDENTIFIER = "com.mcgoldricksolutions.Beatles-Table-ViewUITests";
				PRODUCT_NAME = "$(TARGET_NAME)";
				SWIFT_VERSION = 5.0;
				TARGETED_DEVICE_FAMILY = "1,2";
				TEST_TARGET_NAME = "Beatles Table View";
			};
			name = Release;
		};
/* End XCBuildConfiguration section */

/* Begin XCConfigurationList section */
		5E7D9490238749490024EDE9 /* Build configuration list for PBXProject "Beatles Table View" */ = {
			isa = XCConfigurationList;
			buildConfigurations = (
				5E7D94BD2387494C0024EDE9 /* Debug */,
				5E7D94BE2387494C0024EDE9 /* Release */,
			);
			defaultConfigurationIsVisible = 0;
			defaultConfigurationName = Release;
		};
		5E7D94BF2387494C0024EDE9 /* Build configuration list for PBXNativeTarget "Beatles Table View" */ = {
			isa = XCConfigurationList;
			buildConfigurations = (
				5E7D94C02387494C0024EDE9 /* Debug */,
				5E7D94C12387494C0024EDE9 /* Release */,
			);
			defaultConfigurationIsVisible = 0;
			defaultConfigurationName = Release;
		};
		5E7D94C22387494C0024EDE9 /* Build configuration list for PBXNativeTarget "Beatles Table ViewTests" */ = {
			isa = XCConfigurationList;
			buildConfigurations = (
				5E7D94C32387494C0024EDE9 /* Debug */,
				5E7D94C42387494C0024EDE9 /* Release */,
			);
			defaultConfigurationIsVisible = 0;
			defaultConfigurationName = Release;
		};
		5E7D94C52387494C0024EDE9 /* Build configuration list for PBXNativeTarget "Beatles Table ViewUITests" */ = {
			isa = XCConfigurationList;
			buildConfigurations = (
				5E7D94C62387494C0024EDE9 /* Debug */,
				5E7D94C72387494C0024EDE9 /* Release */,
			);
			defaultConfigurationIsVisible = 0;
			defaultConfigurationName = Release;
		};
/* End XCConfigurationList section */
	};
	rootObject = 5E7D948D238749490024EDE9 /* Project object */;
}
